
Microsoft Visual Studio Solution File, Format Version 12.00
# Visual Studio Version 17
VisualStudioVersion = 17.4.33205.214
MinimumVisualStudioVersion = 10.0.40219.1
Project("{9A19103F-16F7-4668-BE54-9A1E7A4F7556}") = "FieryDishes", "FieryDishes.csproj", "{FF9B5F6F-3906-454F-B961-E7DAB98EBD59}"
EndProject
Global
	GlobalSection(SolutionConfigurationPlatforms) = preSolution
		Debug|Any CPU = Debug|Any CPU
		Release|Any CPU = Release|Any CPU
	EndGlobalSection
	GlobalSection(ProjectConfigurationPlatforms) = postSolution
		{FF9B5F6F-3906-454F-B961-E7DAB98EBD59}.Debug|Any CPU.ActiveCfg = Debug|Any CPU
		{FF9B5F6F-3906-454F-B961-E7DAB98EBD59}.Debug|Any CPU.Build.0 = Debug|Any CPU
		{FF9B5F6F-3906-454F-B961-E7DAB98EBD59}.Release|Any CPU.ActiveCfg = Release|Any CPU
		{FF9B5F6F-3906-454F-B961-E7DAB98EBD59}.Release|Any CPU.Build.0 = Release|Any CPU
	EndGlobalSection
	GlobalSection(SolutionProperties) = preSolution
		HideSolutionNode = FALSE
	EndGlobalSection
	GlobalSection(ExtensibilityGlobals) = postSolution
		SolutionGuid = {1E786973-AE42-4A8A-BF32-C2435EF3373F}
	EndGlobalSection
EndGlobal
